
Microsoft Visual Studio Solution File, Format Version 12.00
# Visual Studio Version 17
VisualStudioVersion = 17.3.32825.248
MinimumVisualStudioVersion = 10.0.40219.1
Project("{FAE04EC0-301F-11D3-BF4B-00C04F79EFBC}") = "Hometask_2", "Hometask_2\Hometask_2.csproj", "{FFC393B1-E25A-4B8D-925C-112BE3E7B5D7}"
EndProject
Global
	GlobalSection(SolutionConfigurationPlatforms) = preSolution
		Debug|Any CPU = Debug|Any CPU
		Release|Any CPU = Release|Any CPU
	EndGlobalSection
	GlobalSection(ProjectConfigurationPlatforms) = postSolution
		{FFC393B1-E25A-4B8D-925C-112BE3E7B5D7}.Debug|Any CPU.ActiveCfg = Debug|Any CPU
		{FFC393B1-E25A-4B8D-925C-112BE3E7B5D7}.Debug|Any CPU.Build.0 = Debug|Any CPU
		{FFC393B1-E25A-4B8D-925C-112BE3E7B5D7}.Release|Any CPU.ActiveCfg = Release|Any CPU
		{FFC393B1-E25A-4B8D-925C-112BE3E7B5D7}.Release|Any CPU.Build.0 = Release|Any CPU
	EndGlobalSection
	GlobalSection(SolutionProperties) = preSolution
		HideSolutionNode = FALSE
	EndGlobalSection
	GlobalSection(ExtensibilityGlobals) = postSolution
		SolutionGuid = {C024E3A4-4AE8-4D4C-96C9-22BC11B7860A}
	EndGlobalSection
EndGlobal
