
Microsoft Visual Studio Solution File, Format Version 12.00
# Visual Studio Version 17
VisualStudioVersion = 17.3.32922.545
MinimumVisualStudioVersion = 10.0.40219.1
Project("{FAE04EC0-301F-11D3-BF4B-00C04F79EFBC}") = "DomainStability", "DomainStability\DomainStability.csproj", "{FE491D99-EC74-4E6A-8A70-28A48065FFEF}"
EndProject
Global
	GlobalSection(SolutionConfigurationPlatforms) = preSolution
		Debug|Any CPU = Debug|Any CPU
		Release|Any CPU = Release|Any CPU
	EndGlobalSection
	GlobalSection(ProjectConfigurationPlatforms) = postSolution
		{FE491D99-EC74-4E6A-8A70-28A48065FFEF}.Debug|Any CPU.ActiveCfg = Debug|Any CPU
		{FE491D99-EC74-4E6A-8A70-28A48065FFEF}.Debug|Any CPU.Build.0 = Debug|Any CPU
		{FE491D99-EC74-4E6A-8A70-28A48065FFEF}.Release|Any CPU.ActiveCfg = Release|Any CPU
		{FE491D99-EC74-4E6A-8A70-28A48065FFEF}.Release|Any CPU.Build.0 = Release|Any CPU
	EndGlobalSection
	GlobalSection(SolutionProperties) = preSolution
		HideSolutionNode = FALSE
	EndGlobalSection
	GlobalSection(ExtensibilityGlobals) = postSolution
		SolutionGuid = {5A897286-213B-4EE6-A826-2C812C93D125}
	EndGlobalSection
EndGlobal
