
Microsoft Visual Studio Solution File, Format Version 12.00
# Visual Studio Version 17
VisualStudioVersion = 17.3.32922.545
MinimumVisualStudioVersion = 10.0.40219.1
Project("{FAE04EC0-301F-11D3-BF4B-00C04F79EFBC}") = "Security", "Security\Security.csproj", "{F882F7C3-EFC2-4C63-9606-483D75B085B9}"
EndProject
Project("{FAE04EC0-301F-11D3-BF4B-00C04F79EFBC}") = "DomenSecurity", "DomenSecurity\DomenSecurity.csproj", "{3135084F-D551-4441-9D69-242B0EFA36B3}"
EndProject
Global
	GlobalSection(SolutionConfigurationPlatforms) = preSolution
		Debug|Any CPU = Debug|Any CPU
		Release|Any CPU = Release|Any CPU
	EndGlobalSection
	GlobalSection(ProjectConfigurationPlatforms) = postSolution
		{F882F7C3-EFC2-4C63-9606-483D75B085B9}.Debug|Any CPU.ActiveCfg = Debug|Any CPU
		{F882F7C3-EFC2-4C63-9606-483D75B085B9}.Debug|Any CPU.Build.0 = Debug|Any CPU
		{F882F7C3-EFC2-4C63-9606-483D75B085B9}.Release|Any CPU.ActiveCfg = Release|Any CPU
		{F882F7C3-EFC2-4C63-9606-483D75B085B9}.Release|Any CPU.Build.0 = Release|Any CPU
		{3135084F-D551-4441-9D69-242B0EFA36B3}.Debug|Any CPU.ActiveCfg = Debug|Any CPU
		{3135084F-D551-4441-9D69-242B0EFA36B3}.Debug|Any CPU.Build.0 = Debug|Any CPU
		{3135084F-D551-4441-9D69-242B0EFA36B3}.Release|Any CPU.ActiveCfg = Release|Any CPU
		{3135084F-D551-4441-9D69-242B0EFA36B3}.Release|Any CPU.Build.0 = Release|Any CPU
	EndGlobalSection
	GlobalSection(SolutionProperties) = preSolution
		HideSolutionNode = FALSE
	EndGlobalSection
	GlobalSection(ExtensibilityGlobals) = postSolution
		SolutionGuid = {FF5B5CD7-D586-4CFF-A768-5FFB9FB4679E}
	EndGlobalSection
EndGlobal
